// !$*UTF8*$!
{
	archiveVersion = 1;
	classes = {
	};
	objectVersion = 48;
	objects = {

/* Begin PBXBuildFile section */
		1A65F6261FF253CF00B4573C /* AliHATestCaseViewController.mm in Sources */ = {isa = PBXBuildFile; fileRef = 1A65F6251FF253CF00B4573C /* AliHATestCaseViewController.mm */; };
		33A2550F20FDE37000C3F673 /* PushViewController.m in Sources */ = {isa = PBXBuildFile; fileRef = 33A2550D20FDE37000C3F673 /* PushViewController.m */; };
		33A2551020FDE37000C3F673 /* PushViewController.xib in Resources */ = {isa = PBXBuildFile; fileRef = 33A2550E20FDE37000C3F673 /* PushViewController.xib */; };
		33D18D4B20DA06CE00ACF0C7 /* AccsConfiguration.m in Sources */ = {isa = PBXBuildFile; fileRef = 33D18D4A20DA06CE00ACF0C7 /* AccsConfiguration.m */; };
		33D18D5620DA2CFB00ACF0C7 /* ACCSViewController.m in Sources */ = {isa = PBXBuildFile; fileRef = 33D18D5420DA2CFB00ACF0C7 /* ACCSViewController.m */; };
		33D18D5720DA2CFB00ACF0C7 /* ACCSViewController.xib in Resources */ = {isa = PBXBuildFile; fileRef = 33D18D5520DA2CFB00ACF0C7 /* ACCSViewController.xib */; };
		33D18D5B20DA30DC00ACF0C7 /* ACCSSettingViewController.m in Sources */ = {isa = PBXBuildFile; fileRef = 33D18D5920DA30DC00ACF0C7 /* ACCSSettingViewController.m */; };
		33D18D5C20DA30DC00ACF0C7 /* ACCSSettingViewController.xib in Resources */ = {isa = PBXBuildFile; fileRef = 33D18D5A20DA30DC00ACF0C7 /* ACCSSettingViewController.xib */; };
		33D18D5E20DA31C500ACF0C7 /* btn_qr@2x.png in Resources */ = {isa = PBXBuildFile; fileRef = 33D18D5D20DA31C400ACF0C7 /* btn_qr@2x.png */; };
		33D18D6120DA330100ACF0C7 /* WQCodeScanner.m in Sources */ = {isa = PBXBuildFile; fileRef = 33D18D5F20DA330100ACF0C7 /* WQCodeScanner.m */; };
		33D18D6420DA331700ACF0C7 /* wq_code_scanner_back@2x.png in Resources */ = {isa = PBXBuildFile; fileRef = 33D18D6220DA331700ACF0C7 /* wq_code_scanner_back@2x.png */; };
		33D18D6520DA331700ACF0C7 /* wq_code_scanner_line@2x.png in Resources */ = {isa = PBXBuildFile; fileRef = 33D18D6320DA331700ACF0C7 /* wq_code_scanner_line@2x.png */; };
		4A017CF221006EC7001FF027 /* TestUIViewController.m in Sources */ = {isa = PBXBuildFile; fileRef = 4A017CED21006EC7001FF027 /* TestUIViewController.m */; };
		4A017CF321006EC7001FF027 /* BaseUIViewController.m in Sources */ = {isa = PBXBuildFile; fileRef = 4A017CEE21006EC7001FF027 /* BaseUIViewController.m */; };
		4A017CF421006EC7001FF027 /* MANViewController.m in Sources */ = {isa = PBXBuildFile; fileRef = 4A017CEF21006EC7001FF027 /* MANViewController.m */; };
		7D6260E61FDA8C5A00E856CB /* HFXTestClass.m in Sources */ = {isa = PBXBuildFile; fileRef = 7D6260E31FDA8C5900E856CB /* HFXTestClass.m */; };
		7D6260E71FDA8C5A00E856CB /* HFXViewController.m in Sources */ = {isa = PBXBuildFile; fileRef = 7D6260E51FDA8C5900E856CB /* HFXViewController.m */; };
		7D6260EA1FDA8C8400E856CB /* arp.framework in Frameworks */ = {isa = PBXBuildFile; fileRef = 7D6260E81FDA8C8400E856CB /* arp.framework */; };
		7D8394A51FDA954400EBB60F /* AlicloudHotFixEmas.framework in Frameworks */ = {isa = PBXBuildFile; fileRef = 7D8394A41FDA954400EBB60F /* AlicloudHotFixEmas.framework */; };
		7D8394A91FDB902900EBB60F /* fix.lua in Resources */ = {isa = PBXBuildFile; fileRef = 7D8394A81FDB902900EBB60F /* fix.lua */; };
		8601D68E215CCB3600BDFC46 /* WeexContainer-Info.plist in Resources */ = {isa = PBXBuildFile; fileRef = 8601D68D215CCB3600BDFC46 /* WeexContainer-Info.plist */; };
		8601D69D215F298800BDFC46 /* preload in Resources */ = {isa = PBXBuildFile; fileRef = 8601D69C215F298800BDFC46 /* preload */; };
		869B55CA2140068400809084 /* UIViewController+EMASWXNaviBar.m in Sources */ = {isa = PBXBuildFile; fileRef = 869B55BD2140068300809084 /* UIViewController+EMASWXNaviBar.m */; };
		869B55CB2140068400809084 /* EMASHostViewController.m in Sources */ = {isa = PBXBuildFile; fileRef = 869B55BF2140068300809084 /* EMASHostViewController.m */; };
		869B55CC2140068400809084 /* EMASWXRenderViewController.m in Sources */ = {isa = PBXBuildFile; fileRef = 869B55C12140068300809084 /* EMASWXRenderViewController.m */; };
		869B55CD2140068400809084 /* EMASWXSubSDKEngine.m in Sources */ = {isa = PBXBuildFile; fileRef = 869B55C32140068300809084 /* EMASWXSubSDKEngine.m */; };
		869B55CE2140068400809084 /* EMASWXNavigationImpl.m in Sources */ = {isa = PBXBuildFile; fileRef = 869B55C62140068300809084 /* EMASWXNavigationImpl.m */; };
		869B55CF2140068400809084 /* EMASScannerViewController.m in Sources */ = {isa = PBXBuildFile; fileRef = 869B55C92140068300809084 /* EMASScannerViewController.m */; };
		869B55D421400A0700809084 /* EMASWeexContainerService.m in Sources */ = {isa = PBXBuildFile; fileRef = 869B55D321400A0600809084 /* EMASWeexContainerService.m */; };
		869B55D721400A1700809084 /* EMASTabBarController.m in Sources */ = {isa = PBXBuildFile; fileRef = 869B55D621400A1700809084 /* EMASTabBarController.m */; };
		869B55DC21400A2100809084 /* EMASNativeViewController.m in Sources */ = {isa = PBXBuildFile; fileRef = 869B55D921400A2100809084 /* EMASNativeViewController.m */; };
		869B55DD21400A2100809084 /* EMASBaseNavigationController.m in Sources */ = {isa = PBXBuildFile; fileRef = 869B55DA21400A2100809084 /* EMASBaseNavigationController.m */; };
		8A0922F2207A4A8500AA71FA /* AppConfigTableViewController.m in Sources */ = {isa = PBXBuildFile; fileRef = 8A0922F1207A4A8500AA71FA /* AppConfigTableViewController.m */; };
		8A0922F5207B0B9800AA71FA /* MtopVerifyTableViewController.m in Sources */ = {isa = PBXBuildFile; fileRef = 8A0922F4207B0B9800AA71FA /* MtopVerifyTableViewController.m */; };
		8A69B607200C8E5F0073756D /* AliyunEmasServices-Info.plist in Resources */ = {isa = PBXBuildFile; fileRef = 8A69B606200C8E5F0073756D /* AliyunEmasServices-Info.plist */; };
		8A69B60A200C8F980073756D /* EMASService.m in Sources */ = {isa = PBXBuildFile; fileRef = 8A69B609200C8F980073756D /* EMASService.m */; };
		8AB1A7BF1FFDDE51007C4675 /* UIKit.framework in Frameworks */ = {isa = PBXBuildFile; fileRef = 8AB1A7BE1FFDDE50007C4675 /* UIKit.framework */; };
		8AC0CB6E200312CF00FD44E6 /* MobileCoreServices.framework in Frameworks */ = {isa = PBXBuildFile; fileRef = 8AC0CB6D200312CF00FD44E6 /* MobileCoreServices.framework */; };
		8ADA95401FD9309400C0EF49 /* AppDelegate.m in Sources */ = {isa = PBXBuildFile; fileRef = 8ADA953F1FD9309400C0EF49 /* AppDelegate.m */; };
		8ADA95431FD9309400C0EF49 /* FirstViewController.m in Sources */ = {isa = PBXBuildFile; fileRef = 8ADA95421FD9309400C0EF49 /* FirstViewController.m */; };
		8ADA95461FD9309400C0EF49 /* SecondViewController.m in Sources */ = {isa = PBXBuildFile; fileRef = 8ADA95451FD9309400C0EF49 /* SecondViewController.m */; };
		8ADA95491FD9309400C0EF49 /* Main.storyboard in Resources */ = {isa = PBXBuildFile; fileRef = 8ADA95471FD9309400C0EF49 /* Main.storyboard */; };
		8ADA954B1FD9309400C0EF49 /* Assets.xcassets in Resources */ = {isa = PBXBuildFile; fileRef = 8ADA954A1FD9309400C0EF49 /* Assets.xcassets */; };
		8ADA954E1FD9309400C0EF49 /* LaunchScreen.storyboard in Resources */ = {isa = PBXBuildFile; fileRef = 8ADA954C1FD9309400C0EF49 /* LaunchScreen.storyboard */; };
		8ADA95511FD9309400C0EF49 /* main.m in Sources */ = {isa = PBXBuildFile; fileRef = 8ADA95501FD9309400C0EF49 /* main.m */; };
		8ADA955B1FD9309400C0EF49 /* EMASDemoTests.m in Sources */ = {isa = PBXBuildFile; fileRef = 8ADA955A1FD9309400C0EF49 /* EMASDemoTests.m */; };
		8ADA95661FD9309400C0EF49 /* EMASDemoUITests.m in Sources */ = {isa = PBXBuildFile; fileRef = 8ADA95651FD9309400C0EF49 /* EMASDemoUITests.m */; };
		8ADA95751FDA3BA300C0EF49 /* FirstTableViewController.m in Sources */ = {isa = PBXBuildFile; fileRef = 8ADA95741FDA3BA300C0EF49 /* FirstTableViewController.m */; };
		8ADA95781FDA3BB000C0EF49 /* SecondTableViewController.m in Sources */ = {isa = PBXBuildFile; fileRef = 8ADA95771FDA3BB000C0EF49 /* SecondTableViewController.m */; };
		980F856820BECC49002156A2 /* OrangeFeatureSecondVC.m in Sources */ = {isa = PBXBuildFile; fileRef = 980F855A20BECC48002156A2 /* OrangeFeatureSecondVC.m */; };
		980F856920BECC49002156A2 /* OrangeRemoteConfigRootVC.xib in Resources */ = {isa = PBXBuildFile; fileRef = 980F855C20BECC48002156A2 /* OrangeRemoteConfigRootVC.xib */; };
		980F856A20BECC49002156A2 /* OrangeRemotConfigDebugVC.m in Sources */ = {isa = PBXBuildFile; fileRef = 980F855D20BECC48002156A2 /* OrangeRemotConfigDebugVC.m */; };
		980F856B20BECC49002156A2 /* OrangeFeatureSecondVC.xib in Resources */ = {isa = PBXBuildFile; fileRef = 980F855E20BECC48002156A2 /* OrangeFeatureSecondVC.xib */; };
		980F856C20BECC49002156A2 /* OrangeFeatureFirstVC.xib in Resources */ = {isa = PBXBuildFile; fileRef = 980F855F20BECC48002156A2 /* OrangeFeatureFirstVC.xib */; };
		980F856D20BECC49002156A2 /* OrangeFeatureFirstVC.m in Sources */ = {isa = PBXBuildFile; fileRef = 980F856120BECC49002156A2 /* OrangeFeatureFirstVC.m */; };
		980F856E20BECC49002156A2 /* OrangeRemotConfigDebugVC.xib in Resources */ = {isa = PBXBuildFile; fileRef = 980F856220BECC49002156A2 /* OrangeRemotConfigDebugVC.xib */; };
		980F856F20BECC49002156A2 /* CustomCell.xib in Resources */ = {isa = PBXBuildFile; fileRef = 980F856320BECC49002156A2 /* CustomCell.xib */; };
		980F857020BECC49002156A2 /* OrangeRemoteConfigRootVC.m in Sources */ = {isa = PBXBuildFile; fileRef = 980F856520BECC49002156A2 /* OrangeRemoteConfigRootVC.m */; };
		980F857120BECC49002156A2 /* CustomCell.m in Sources */ = {isa = PBXBuildFile; fileRef = 980F856620BECC49002156A2 /* CustomCell.m */; };
		9815F23920A2F73F00F0F70D /* MtopCustomCell.m in Sources */ = {isa = PBXBuildFile; fileRef = 9815F23820A2F73F00F0F70D /* MtopCustomCell.m */; };
		981DC5D820998B53006472AF /* MtopResultViewController.m in Sources */ = {isa = PBXBuildFile; fileRef = 981DC5D720998B53006472AF /* MtopResultViewController.m */; };
		9A09D7961FF27A6200585632 /* index.js in Resources */ = {isa = PBXBuildFile; fileRef = 9A09D7951FF27A6200585632 /* index.js */; };
		F2AEA74CFBBBDD9338DF0F3C /* libPods-EMASDemo.a in Frameworks */ = {isa = PBXBuildFile; fileRef = C9D522707B463174EC727EEF /* libPods-EMASDemo.a */; };
/* End PBXBuildFile section */

/* Begin PBXContainerItemProxy section */
		8ADA95571FD9309400C0EF49 /* PBXContainerItemProxy */ = {
			isa = PBXContainerItemProxy;
			containerPortal = 8ADA95331FD9309400C0EF49 /* Project object */;
			proxyType = 1;
			remoteGlobalIDString = 8ADA953A1FD9309400C0EF49;
			remoteInfo = EMASDemo;
		};
		8ADA95621FD9309400C0EF49 /* PBXContainerItemProxy */ = {
			isa = PBXContainerItemProxy;
			containerPortal = 8ADA95331FD9309400C0EF49 /* Project object */;
			proxyType = 1;
			remoteGlobalIDString = 8ADA953A1FD9309400C0EF49;
			remoteInfo = EMASDemo;
		};
/* End PBXContainerItemProxy section */

/* Begin PBXCopyFilesBuildPhase section */
		8ABD97BD1FF4D55700469557 /* Embed Watch Content */ = {
			isa = PBXCopyFilesBuildPhase;
			buildActionMask = 2147483647;
			dstPath = "$(CONTENTS_FOLDER_PATH)/Watch";
			dstSubfolderSpec = 16;
			files = (
			);
			name = "Embed Watch Content";
			runOnlyForDeploymentPostprocessing = 0;
		};
/* End PBXCopyFilesBuildPhase section */

/* Begin PBXFileReference section */
		0841F49C85C633B167F1BB45 /* Pods-EMASDemo.release.xcconfig */ = {isa = PBXFileReference; includeInIndex = 1; lastKnownFileType = text.xcconfig; name = "Pods-EMASDemo.release.xcconfig"; path = "Pods/Target Support Files/Pods-EMASDemo/Pods-EMASDemo.release.xcconfig"; sourceTree = "<group>"; };
		1A65F6241FF253CF00B4573C /* AliHATestCaseViewController.h */ = {isa = PBXFileReference; lastKnownFileType = sourcecode.c.h; path = AliHATestCaseViewController.h; sourceTree = "<group>"; };
		1A65F6251FF253CF00B4573C /* AliHATestCaseViewController.mm */ = {isa = PBXFileReference; lastKnownFileType = sourcecode.cpp.objcpp; path = AliHATestCaseViewController.mm; sourceTree = "<group>"; };
		33A2550C20FDE37000C3F673 /* PushViewController.h */ = {isa = PBXFileReference; lastKnownFileType = sourcecode.c.h; path = PushViewController.h; sourceTree = "<group>"; };
		33A2550D20FDE37000C3F673 /* PushViewController.m */ = {isa = PBXFileReference; lastKnownFileType = sourcecode.c.objc; path = PushViewController.m; sourceTree = "<group>"; };
		33A2550E20FDE37000C3F673 /* PushViewController.xib */ = {isa = PBXFileReference; lastKnownFileType = file.xib; path = PushViewController.xib; sourceTree = "<group>"; };
		33D18D4920DA06CE00ACF0C7 /* AccsConfiguration.h */ = {isa = PBXFileReference; lastKnownFileType = sourcecode.c.h; path = AccsConfiguration.h; sourceTree = "<group>"; };
		33D18D4A20DA06CE00ACF0C7 /* AccsConfiguration.m */ = {isa = PBXFileReference; lastKnownFileType = sourcecode.c.objc; path = AccsConfiguration.m; sourceTree = "<group>"; };
		33D18D5320DA2CFB00ACF0C7 /* ACCSViewController.h */ = {isa = PBXFileReference; lastKnownFileType = sourcecode.c.h; path = ACCSViewController.h; sourceTree = "<group>"; };
		33D18D5420DA2CFB00ACF0C7 /* ACCSViewController.m */ = {isa = PBXFileReference; lastKnownFileType = sourcecode.c.objc; path = ACCSViewController.m; sourceTree = "<group>"; };
		33D18D5520DA2CFB00ACF0C7 /* ACCSViewController.xib */ = {isa = PBXFileReference; lastKnownFileType = file.xib; path = ACCSViewController.xib; sourceTree = "<group>"; };
		33D18D5820DA30DC00ACF0C7 /* ACCSSettingViewController.h */ = {isa = PBXFileReference; lastKnownFileType = sourcecode.c.h; path = ACCSSettingViewController.h; sourceTree = "<group>"; };
		33D18D5920DA30DC00ACF0C7 /* ACCSSettingViewController.m */ = {isa = PBXFileReference; lastKnownFileType = sourcecode.c.objc; path = ACCSSettingViewController.m; sourceTree = "<group>"; };
		33D18D5A20DA30DC00ACF0C7 /* ACCSSettingViewController.xib */ = {isa = PBXFileReference; lastKnownFileType = file.xib; path = ACCSSettingViewController.xib; sourceTree = "<group>"; };
		33D18D5D20DA31C400ACF0C7 /* btn_qr@2x.png */ = {isa = PBXFileReference; lastKnownFileType = image.png; name = "btn_qr@2x.png"; path = "accs/btn_qr@2x.png"; sourceTree = "<group>"; };
		33D18D5F20DA330100ACF0C7 /* WQCodeScanner.m */ = {isa = PBXFileReference; fileEncoding = 4; lastKnownFileType = sourcecode.c.objc; path = WQCodeScanner.m; sourceTree = "<group>"; };
		33D18D6020DA330100ACF0C7 /* WQCodeScanner.h */ = {isa = PBXFileReference; fileEncoding = 4; lastKnownFileType = sourcecode.c.h; path = WQCodeScanner.h; sourceTree = "<group>"; };
		33D18D6220DA331700ACF0C7 /* wq_code_scanner_back@2x.png */ = {isa = PBXFileReference; lastKnownFileType = image.png; name = "wq_code_scanner_back@2x.png"; path = "accs/wq_code_scanner_back@2x.png"; sourceTree = "<group>"; };
		33D18D6320DA331700ACF0C7 /* wq_code_scanner_line@2x.png */ = {isa = PBXFileReference; lastKnownFileType = image.png; name = "wq_code_scanner_line@2x.png"; path = "accs/wq_code_scanner_line@2x.png"; sourceTree = "<group>"; };
		4A017CEC21006EC7001FF027 /* BaseUIViewController.h */ = {isa = PBXFileReference; fileEncoding = 4; lastKnownFileType = sourcecode.c.h; path = BaseUIViewController.h; sourceTree = "<group>"; };
		4A017CED21006EC7001FF027 /* TestUIViewController.m */ = {isa = PBXFileReference; fileEncoding = 4; lastKnownFileType = sourcecode.c.objc; path = TestUIViewController.m; sourceTree = "<group>"; };
		4A017CEE21006EC7001FF027 /* BaseUIViewController.m */ = {isa = PBXFileReference; fileEncoding = 4; lastKnownFileType = sourcecode.c.objc; path = BaseUIViewController.m; sourceTree = "<group>"; };
		4A017CEF21006EC7001FF027 /* MANViewController.m */ = {isa = PBXFileReference; fileEncoding = 4; lastKnownFileType = sourcecode.c.objc; path = MANViewController.m; sourceTree = "<group>"; };
		4A017CF021006EC7001FF027 /* TestUIViewController.h */ = {isa = PBXFileReference; fileEncoding = 4; lastKnownFileType = sourcecode.c.h; path = TestUIViewController.h; sourceTree = "<group>"; };
		4A017CF121006EC7001FF027 /* MANViewController.h */ = {isa = PBXFileReference; fileEncoding = 4; lastKnownFileType = sourcecode.c.h; path = MANViewController.h; sourceTree = "<group>"; };
		7D6260E21FDA8C5900E856CB /* HFXTestClass.h */ = {isa = PBXFileReference; fileEncoding = 4; lastKnownFileType = sourcecode.c.h; path = HFXTestClass.h; sourceTree = "<group>"; };
		7D6260E31FDA8C5900E856CB /* HFXTestClass.m */ = {isa = PBXFileReference; fileEncoding = 4; lastKnownFileType = sourcecode.c.objc; path = HFXTestClass.m; sourceTree = "<group>"; };
		7D6260E41FDA8C5900E856CB /* HFXViewController.h */ = {isa = PBXFileReference; fileEncoding = 4; lastKnownFileType = sourcecode.c.h; path = HFXViewController.h; sourceTree = "<group>"; };
		7D6260E51FDA8C5900E856CB /* HFXViewController.m */ = {isa = PBXFileReference; fileEncoding = 4; lastKnownFileType = sourcecode.c.objc; path = HFXViewController.m; sourceTree = "<group>"; };
		7D6260E81FDA8C8400E856CB /* arp.framework */ = {isa = PBXFileReference; lastKnownFileType = wrapper.framework; path = arp.framework; sourceTree = "<group>"; };
		7D8394A41FDA954400EBB60F /* AlicloudHotFixEmas.framework */ = {isa = PBXFileReference; lastKnownFileType = wrapper.framework; path = AlicloudHotFixEmas.framework; sourceTree = "<group>"; };
		7D8394A81FDB902900EBB60F /* fix.lua */ = {isa = PBXFileReference; fileEncoding = 4; lastKnownFileType = text; path = fix.lua; sourceTree = "<group>"; };
		8601D68D215CCB3600BDFC46 /* WeexContainer-Info.plist */ = {isa = PBXFileReference; fileEncoding = 4; lastKnownFileType = text.plist.xml; path = "WeexContainer-Info.plist"; sourceTree = SOURCE_ROOT; };
		8601D69C215F298800BDFC46 /* preload */ = {isa = PBXFileReference; lastKnownFileType = folder; path = preload; sourceTree = SOURCE_ROOT; };
		869B55BC2140068300809084 /* UIViewController+EMASWXNaviBar.h */ = {isa = PBXFileReference; fileEncoding = 4; lastKnownFileType = sourcecode.c.h; path = "UIViewController+EMASWXNaviBar.h"; sourceTree = "<group>"; };
		869B55BD2140068300809084 /* UIViewController+EMASWXNaviBar.m */ = {isa = PBXFileReference; fileEncoding = 4; lastKnownFileType = sourcecode.c.objc; path = "UIViewController+EMASWXNaviBar.m"; sourceTree = "<group>"; };
		869B55BE2140068300809084 /* EMASHostViewController.h */ = {isa = PBXFileReference; fileEncoding = 4; lastKnownFileType = sourcecode.c.h; path = EMASHostViewController.h; sourceTree = "<group>"; };
		869B55BF2140068300809084 /* EMASHostViewController.m */ = {isa = PBXFileReference; fileEncoding = 4; lastKnownFileType = sourcecode.c.objc; path = EMASHostViewController.m; sourceTree = "<group>"; };
		869B55C02140068300809084 /* EMASWXRenderViewController.h */ = {isa = PBXFileReference; fileEncoding = 4; lastKnownFileType = sourcecode.c.h; path = EMASWXRenderViewController.h; sourceTree = "<group>"; };
		869B55C12140068300809084 /* EMASWXRenderViewController.m */ = {isa = PBXFileReference; fileEncoding = 4; lastKnownFileType = sourcecode.c.objc; path = EMASWXRenderViewController.m; sourceTree = "<group>"; };
		869B55C22140068300809084 /* EMASWXSubSDKEngine.h */ = {isa = PBXFileReference; fileEncoding = 4; lastKnownFileType = sourcecode.c.h; path = EMASWXSubSDKEngine.h; sourceTree = "<group>"; };
		869B55C32140068300809084 /* EMASWXSubSDKEngine.m */ = {isa = PBXFileReference; fileEncoding = 4; lastKnownFileType = sourcecode.c.objc; path = EMASWXSubSDKEngine.m; sourceTree = "<group>"; };
		869B55C52140068300809084 /* EMASWXNavigationImpl.h */ = {isa = PBXFileReference; fileEncoding = 4; lastKnownFileType = sourcecode.c.h; path = EMASWXNavigationImpl.h; sourceTree = "<group>"; };
		869B55C62140068300809084 /* EMASWXNavigationImpl.m */ = {isa = PBXFileReference; fileEncoding = 4; lastKnownFileType = sourcecode.c.objc; path = EMASWXNavigationImpl.m; sourceTree = "<group>"; };
		869B55C82140068300809084 /* EMASScannerViewController.h */ = {isa = PBXFileReference; fileEncoding = 4; lastKnownFileType = sourcecode.c.h; path = EMASScannerViewController.h; sourceTree = "<group>"; };
		869B55C92140068300809084 /* EMASScannerViewController.m */ = {isa = PBXFileReference; fileEncoding = 4; lastKnownFileType = sourcecode.c.objc; path = EMASScannerViewController.m; sourceTree = "<group>"; };
		869B55D221400A0600809084 /* EMASWeexContainerService.h */ = {isa = PBXFileReference; fileEncoding = 4; lastKnownFileType = sourcecode.c.h; path = EMASWeexContainerService.h; sourceTree = "<group>"; };
		869B55D321400A0600809084 /* EMASWeexContainerService.m */ = {isa = PBXFileReference; fileEncoding = 4; lastKnownFileType = sourcecode.c.objc; path = EMASWeexContainerService.m; sourceTree = "<group>"; };
		869B55D521400A1700809084 /* EMASTabBarController.h */ = {isa = PBXFileReference; fileEncoding = 4; lastKnownFileType = sourcecode.c.h; path = EMASTabBarController.h; sourceTree = "<group>"; };
		869B55D621400A1700809084 /* EMASTabBarController.m */ = {isa = PBXFileReference; fileEncoding = 4; lastKnownFileType = sourcecode.c.objc; path = EMASTabBarController.m; sourceTree = "<group>"; };
		869B55D821400A2100809084 /* EMASBaseNavigationController.h */ = {isa = PBXFileReference; fileEncoding = 4; lastKnownFileType = sourcecode.c.h; path = EMASBaseNavigationController.h; sourceTree = "<group>"; };
		869B55D921400A2100809084 /* EMASNativeViewController.m */ = {isa = PBXFileReference; fileEncoding = 4; lastKnownFileType = sourcecode.c.objc; path = EMASNativeViewController.m; sourceTree = "<group>"; };
		869B55DA21400A2100809084 /* EMASBaseNavigationController.m */ = {isa = PBXFileReference; fileEncoding = 4; lastKnownFileType = sourcecode.c.objc; path = EMASBaseNavigationController.m; sourceTree = "<group>"; };
		869B55DB21400A2100809084 /* EMASNativeViewController.h */ = {isa = PBXFileReference; fileEncoding = 4; lastKnownFileType = sourcecode.c.h; path = EMASNativeViewController.h; sourceTree = "<group>"; };
		8A0922F0207A4A8500AA71FA /* AppConfigTableViewController.h */ = {isa = PBXFileReference; lastKnownFileType = sourcecode.c.h; path = AppConfigTableViewController.h; sourceTree = "<group>"; };
		8A0922F1207A4A8500AA71FA /* AppConfigTableViewController.m */ = {isa = PBXFileReference; lastKnownFileType = sourcecode.c.objc; path = AppConfigTableViewController.m; sourceTree = "<group>"; };
		8A0922F3207B0B9800AA71FA /* MtopVerifyTableViewController.h */ = {isa = PBXFileReference; lastKnownFileType = sourcecode.c.h; path = MtopVerifyTableViewController.h; sourceTree = "<group>"; };
		8A0922F4207B0B9800AA71FA /* MtopVerifyTableViewController.m */ = {isa = PBXFileReference; lastKnownFileType = sourcecode.c.objc; path = MtopVerifyTableViewController.m; sourceTree = "<group>"; };
		8A69B606200C8E5F0073756D /* AliyunEmasServices-Info.plist */ = {isa = PBXFileReference; fileEncoding = 4; lastKnownFileType = text.plist.xml; path = "AliyunEmasServices-Info.plist"; sourceTree = SOURCE_ROOT; };
		8A69B608200C8F980073756D /* EMASService.h */ = {isa = PBXFileReference; lastKnownFileType = sourcecode.c.h; path = EMASService.h; sourceTree = "<group>"; };
		8A69B609200C8F980073756D /* EMASService.m */ = {isa = PBXFileReference; lastKnownFileType = sourcecode.c.objc; path = EMASService.m; sourceTree = "<group>"; };
		8AA117461FF5E59F004D4D0A /* EMASDemo.entitlements */ = {isa = PBXFileReference; lastKnownFileType = text.plist.entitlements; path = EMASDemo.entitlements; sourceTree = "<group>"; };
		8AA1174C1FF5E8FD004D4D0A /* Base */ = {isa = PBXFileReference; lastKnownFileType = file.storyboard; name = Base; path = Base.lproj/Interface.storyboard; sourceTree = "<group>"; };
		8AA1174E1FF5E8FD004D4D0A /* Assets.xcassets */ = {isa = PBXFileReference; lastKnownFileType = folder.assetcatalog; path = Assets.xcassets; sourceTree = "<group>"; };
		8AA117501FF5E8FD004D4D0A /* Info.plist */ = {isa = PBXFileReference; lastKnownFileType = text.plist.xml; path = Info.plist; sourceTree = "<group>"; };
		8AA1175A1FF5E8FE004D4D0A /* InterfaceController.h */ = {isa = PBXFileReference; lastKnownFileType = sourcecode.c.h; path = InterfaceController.h; sourceTree = "<group>"; };
		8AA1175B1FF5E8FE004D4D0A /* InterfaceController.m */ = {isa = PBXFileReference; lastKnownFileType = sourcecode.c.objc; path = InterfaceController.m; sourceTree = "<group>"; };
		8AA1175D1FF5E8FE004D4D0A /* ExtensionDelegate.h */ = {isa = PBXFileReference; lastKnownFileType = sourcecode.c.h; path = ExtensionDelegate.h; sourceTree = "<group>"; };
		8AA1175E1FF5E8FE004D4D0A /* ExtensionDelegate.m */ = {isa = PBXFileReference; lastKnownFileType = sourcecode.c.objc; path = ExtensionDelegate.m; sourceTree = "<group>"; };
		8AA117601FF5E8FE004D4D0A /* NotificationController.h */ = {isa = PBXFileReference; lastKnownFileType = sourcecode.c.h; path = NotificationController.h; sourceTree = "<group>"; };
		8AA117611FF5E8FE004D4D0A /* NotificationController.m */ = {isa = PBXFileReference; lastKnownFileType = sourcecode.c.objc; path = NotificationController.m; sourceTree = "<group>"; };
		8AA117631FF5E8FE004D4D0A /* Assets.xcassets */ = {isa = PBXFileReference; lastKnownFileType = folder.assetcatalog; path = Assets.xcassets; sourceTree = "<group>"; };
		8AA117651FF5E8FE004D4D0A /* Info.plist */ = {isa = PBXFileReference; lastKnownFileType = text.plist.xml; path = Info.plist; sourceTree = "<group>"; };
		8AA117661FF5E8FE004D4D0A /* PushNotificationPayload.apns */ = {isa = PBXFileReference; lastKnownFileType = text; path = PushNotificationPayload.apns; sourceTree = "<group>"; };
		8AB1A7BE1FFDDE50007C4675 /* UIKit.framework */ = {isa = PBXFileReference; lastKnownFileType = wrapper.framework; name = UIKit.framework; path = System/Library/Frameworks/UIKit.framework; sourceTree = SDKROOT; };
		8AC0CB6D200312CF00FD44E6 /* MobileCoreServices.framework */ = {isa = PBXFileReference; lastKnownFileType = wrapper.framework; name = MobileCoreServices.framework; path = System/Library/Frameworks/MobileCoreServices.framework; sourceTree = SDKROOT; };
		8ADA953B1FD9309400C0EF49 /* EMASDemo.app */ = {isa = PBXFileReference; explicitFileType = wrapper.application; includeInIndex = 0; path = EMASDemo.app; sourceTree = BUILT_PRODUCTS_DIR; };
		8ADA953E1FD9309400C0EF49 /* AppDelegate.h */ = {isa = PBXFileReference; lastKnownFileType = sourcecode.c.h; path = AppDelegate.h; sourceTree = "<group>"; };
		8ADA953F1FD9309400C0EF49 /* AppDelegate.m */ = {isa = PBXFileReference; lastKnownFileType = sourcecode.c.objc; path = AppDelegate.m; sourceTree = "<group>"; };
		8ADA95411FD9309400C0EF49 /* FirstViewController.h */ = {isa = PBXFileReference; lastKnownFileType = sourcecode.c.h; path = FirstViewController.h; sourceTree = "<group>"; };
		8ADA95421FD9309400C0EF49 /* FirstViewController.m */ = {isa = PBXFileReference; lastKnownFileType = sourcecode.c.objc; path = FirstViewController.m; sourceTree = "<group>"; };
		8ADA95441FD9309400C0EF49 /* SecondViewController.h */ = {isa = PBXFileReference; lastKnownFileType = sourcecode.c.h; path = SecondViewController.h; sourceTree = "<group>"; };
		8ADA95451FD9309400C0EF49 /* SecondViewController.m */ = {isa = PBXFileReference; lastKnownFileType = sourcecode.c.objc; path = SecondViewController.m; sourceTree = "<group>"; };
		8ADA95481FD9309400C0EF49 /* Base */ = {isa = PBXFileReference; lastKnownFileType = file.storyboard; name = Base; path = Base.lproj/Main.storyboard; sourceTree = "<group>"; };
		8ADA954A1FD9309400C0EF49 /* Assets.xcassets */ = {isa = PBXFileReference; lastKnownFileType = folder.assetcatalog; path = Assets.xcassets; sourceTree = "<group>"; };
		8ADA954D1FD9309400C0EF49 /* Base */ = {isa = PBXFileReference; lastKnownFileType = file.storyboard; name = Base; path = Base.lproj/LaunchScreen.storyboard; sourceTree = "<group>"; };
		8ADA954F1FD9309400C0EF49 /* Info.plist */ = {isa = PBXFileReference; lastKnownFileType = text.plist.xml; path = Info.plist; sourceTree = "<group>"; };
		8ADA95501FD9309400C0EF49 /* main.m */ = {isa = PBXFileReference; lastKnownFileType = sourcecode.c.objc; path = main.m; sourceTree = "<group>"; };
		8ADA95561FD9309400C0EF49 /* EMASDemoTests.xctest */ = {isa = PBXFileReference; explicitFileType = wrapper.cfbundle; includeInIndex = 0; path = EMASDemoTests.xctest; sourceTree = BUILT_PRODUCTS_DIR; };
		8ADA955A1FD9309400C0EF49 /* EMASDemoTests.m */ = {isa = PBXFileReference; lastKnownFileType = sourcecode.c.objc; path = EMASDemoTests.m; sourceTree = "<group>"; };
		8ADA955C1FD9309400C0EF49 /* Info.plist */ = {isa = PBXFileReference; lastKnownFileType = text.plist.xml; path = Info.plist; sourceTree = "<group>"; };
		8ADA95611FD9309400C0EF49 /* EMASDemoUITests.xctest */ = {isa = PBXFileReference; explicitFileType = wrapper.cfbundle; includeInIndex = 0; path = EMASDemoUITests.xctest; sourceTree = BUILT_PRODUCTS_DIR; };
		8ADA95651FD9309400C0EF49 /* EMASDemoUITests.m */ = {isa = PBXFileReference; lastKnownFileType = sourcecode.c.objc; path = EMASDemoUITests.m; sourceTree = "<group>"; };
		8ADA95671FD9309400C0EF49 /* Info.plist */ = {isa = PBXFileReference; lastKnownFileType = text.plist.xml; path = Info.plist; sourceTree = "<group>"; };
		8ADA95731FDA3BA300C0EF49 /* FirstTableViewController.h */ = {isa = PBXFileReference; lastKnownFileType = sourcecode.c.h; path = FirstTableViewController.h; sourceTree = "<group>"; };
		8ADA95741FDA3BA300C0EF49 /* FirstTableViewController.m */ = {isa = PBXFileReference; lastKnownFileType = sourcecode.c.objc; path = FirstTableViewController.m; sourceTree = "<group>"; };
		8ADA95761FDA3BB000C0EF49 /* SecondTableViewController.h */ = {isa = PBXFileReference; lastKnownFileType = sourcecode.c.h; path = SecondTableViewController.h; sourceTree = "<group>"; };
		8ADA95771FDA3BB000C0EF49 /* SecondTableViewController.m */ = {isa = PBXFileReference; lastKnownFileType = sourcecode.c.objc; path = SecondTableViewController.m; sourceTree = "<group>"; };
		97BD7DEF55A6F7A44C7420EE /* Pods-EMASDemo.debug.xcconfig */ = {isa = PBXFileReference; includeInIndex = 1; lastKnownFileType = text.xcconfig; name = "Pods-EMASDemo.debug.xcconfig"; path = "Pods/Target Support Files/Pods-EMASDemo/Pods-EMASDemo.debug.xcconfig"; sourceTree = "<group>"; };
		980F855820BECC48002156A2 /* CustomCell.h */ = {isa = PBXFileReference; fileEncoding = 4; lastKnownFileType = sourcecode.c.h; path = CustomCell.h; sourceTree = "<group>"; };
		980F855920BECC48002156A2 /* OrangeRemoteConfigRootVC.h */ = {isa = PBXFileReference; fileEncoding = 4; lastKnownFileType = sourcecode.c.h; path = OrangeRemoteConfigRootVC.h; sourceTree = "<group>"; };
		980F855A20BECC48002156A2 /* OrangeFeatureSecondVC.m */ = {isa = PBXFileReference; fileEncoding = 4; lastKnownFileType = sourcecode.c.objc; path = OrangeFeatureSecondVC.m; sourceTree = "<group>"; };
		980F855B20BECC48002156A2 /* OrangeFeatureFirstVC.h */ = {isa = PBXFileReference; fileEncoding = 4; lastKnownFileType = sourcecode.c.h; path = OrangeFeatureFirstVC.h; sourceTree = "<group>"; };
		980F855C20BECC48002156A2 /* OrangeRemoteConfigRootVC.xib */ = {isa = PBXFileReference; fileEncoding = 4; lastKnownFileType = file.xib; path = OrangeRemoteConfigRootVC.xib; sourceTree = "<group>"; };
		980F855D20BECC48002156A2 /* OrangeRemotConfigDebugVC.m */ = {isa = PBXFileReference; fileEncoding = 4; lastKnownFileType = sourcecode.c.objc; path = OrangeRemotConfigDebugVC.m; sourceTree = "<group>"; };
		980F855E20BECC48002156A2 /* OrangeFeatureSecondVC.xib */ = {isa = PBXFileReference; fileEncoding = 4; lastKnownFileType = file.xib; path = OrangeFeatureSecondVC.xib; sourceTree = "<group>"; };
		980F855F20BECC48002156A2 /* OrangeFeatureFirstVC.xib */ = {isa = PBXFileReference; fileEncoding = 4; lastKnownFileType = file.xib; path = OrangeFeatureFirstVC.xib; sourceTree = "<group>"; };
		980F856020BECC49002156A2 /* OrangeTestConstants.h */ = {isa = PBXFileReference; fileEncoding = 4; lastKnownFileType = sourcecode.c.h; path = OrangeTestConstants.h; sourceTree = "<group>"; };
		980F856120BECC49002156A2 /* OrangeFeatureFirstVC.m */ = {isa = PBXFileReference; fileEncoding = 4; lastKnownFileType = sourcecode.c.objc; path = OrangeFeatureFirstVC.m; sourceTree = "<group>"; };
		980F856220BECC49002156A2 /* OrangeRemotConfigDebugVC.xib */ = {isa = PBXFileReference; fileEncoding = 4; lastKnownFileType = file.xib; path = OrangeRemotConfigDebugVC.xib; sourceTree = "<group>"; };
		980F856320BECC49002156A2 /* CustomCell.xib */ = {isa = PBXFileReference; fileEncoding = 4; lastKnownFileType = file.xib; path = CustomCell.xib; sourceTree = "<group>"; };
		980F856420BECC49002156A2 /* OrangeRemotConfigDebugVC.h */ = {isa = PBXFileReference; fileEncoding = 4; lastKnownFileType = sourcecode.c.h; path = OrangeRemotConfigDebugVC.h; sourceTree = "<group>"; };
		980F856520BECC49002156A2 /* OrangeRemoteConfigRootVC.m */ = {isa = PBXFileReference; fileEncoding = 4; lastKnownFileType = sourcecode.c.objc; path = OrangeRemoteConfigRootVC.m; sourceTree = "<group>"; };
		980F856620BECC49002156A2 /* CustomCell.m */ = {isa = PBXFileReference; fileEncoding = 4; lastKnownFileType = sourcecode.c.objc; path = CustomCell.m; sourceTree = "<group>"; };
		980F856720BECC49002156A2 /* OrangeFeatureSecondVC.h */ = {isa = PBXFileReference; fileEncoding = 4; lastKnownFileType = sourcecode.c.h; path = OrangeFeatureSecondVC.h; sourceTree = "<group>"; };
		9815F23720A2F73F00F0F70D /* MtopCustomCell.h */ = {isa = PBXFileReference; lastKnownFileType = sourcecode.c.h; path = MtopCustomCell.h; sourceTree = "<group>"; };
		9815F23820A2F73F00F0F70D /* MtopCustomCell.m */ = {isa = PBXFileReference; lastKnownFileType = sourcecode.c.objc; path = MtopCustomCell.m; sourceTree = "<group>"; };
		981DC5D620998B53006472AF /* MtopResultViewController.h */ = {isa = PBXFileReference; lastKnownFileType = sourcecode.c.h; path = MtopResultViewController.h; sourceTree = "<group>"; };
		981DC5D720998B53006472AF /* MtopResultViewController.m */ = {isa = PBXFileReference; lastKnownFileType = sourcecode.c.objc; path = MtopResultViewController.m; sourceTree = "<group>"; };
		9A09D7901FF2721000585632 /* DemoDefine.h */ = {isa = PBXFileReference; lastKnownFileType = sourcecode.c.h; path = DemoDefine.h; sourceTree = "<group>"; };
		9A09D7951FF27A6200585632 /* index.js */ = {isa = PBXFileReference; fileEncoding = 4; lastKnownFileType = sourcecode.javascript; path = index.js; sourceTree = "<group>"; };
		C9D522707B463174EC727EEF /* libPods-EMASDemo.a */ = {isa = PBXFileReference; explicitFileType = archive.ar; includeInIndex = 0; path = "libPods-EMASDemo.a"; sourceTree = BUILT_PRODUCTS_DIR; };
/* End PBXFileReference section */

/* Begin PBXFrameworksBuildPhase section */
		8ADA95381FD9309400C0EF49 /* Frameworks */ = {
			isa = PBXFrameworksBuildPhase;
			buildActionMask = 2147483647;
			files = (
				8AC0CB6E200312CF00FD44E6 /* MobileCoreServices.framework in Frameworks */,
				8AB1A7BF1FFDDE51007C4675 /* UIKit.framework in Frameworks */,
				7D6260EA1FDA8C8400E856CB /* arp.framework in Frameworks */,
				7D8394A51FDA954400EBB60F /* AlicloudHotFixEmas.framework in Frameworks */,
				F2AEA74CFBBBDD9338DF0F3C /* libPods-EMASDemo.a in Frameworks */,
			);
			runOnlyForDeploymentPostprocessing = 0;
		};
		8ADA95531FD9309400C0EF49 /* Frameworks */ = {
			isa = PBXFrameworksBuildPhase;
			buildActionMask = 2147483647;
			files = (
			);
			runOnlyForDeploymentPostprocessing = 0;
		};
		8ADA955E1FD9309400C0EF49 /* Frameworks */ = {
			isa = PBXFrameworksBuildPhase;
			buildActionMask = 2147483647;
			files = (
			);
			runOnlyForDeploymentPostprocessing = 0;
		};
/* End PBXFrameworksBuildPhase section */

/* Begin PBXGroup section */
		024D3223F0A2D0A415B2F56B /* Pods */ = {
			isa = PBXGroup;
			children = (
				97BD7DEF55A6F7A44C7420EE /* Pods-EMASDemo.debug.xcconfig */,
				0841F49C85C633B167F1BB45 /* Pods-EMASDemo.release.xcconfig */,
			);
			name = Pods;
			sourceTree = "<group>";
		};
		1A65F6231FF2534A00B4573C /* AliHA */ = {
			isa = PBXGroup;
			children = (
				1A65F6241FF253CF00B4573C /* AliHATestCaseViewController.h */,
				1A65F6251FF253CF00B4573C /* AliHATestCaseViewController.mm */,
			);
			path = AliHA;
			sourceTree = "<group>";
		};
		33A2550B20FDE2EC00C3F673 /* push */ = {
			isa = PBXGroup;
			children = (
				33A2550C20FDE37000C3F673 /* PushViewController.h */,
				33A2550D20FDE37000C3F673 /* PushViewController.m */,
				33A2550E20FDE37000C3F673 /* PushViewController.xib */,
			);
			name = push;
			sourceTree = "<group>";
		};
		33D18D4220DA04C000ACF0C7 /* accs */ = {
			isa = PBXGroup;
			children = (
				33D18D6020DA330100ACF0C7 /* WQCodeScanner.h */,
				33D18D5F20DA330100ACF0C7 /* WQCodeScanner.m */,
				33D18D4920DA06CE00ACF0C7 /* AccsConfiguration.h */,
				33D18D4A20DA06CE00ACF0C7 /* AccsConfiguration.m */,
				33D18D5320DA2CFB00ACF0C7 /* ACCSViewController.h */,
				33D18D5420DA2CFB00ACF0C7 /* ACCSViewController.m */,
				33D18D5520DA2CFB00ACF0C7 /* ACCSViewController.xib */,
				33D18D5820DA30DC00ACF0C7 /* ACCSSettingViewController.h */,
				33D18D5920DA30DC00ACF0C7 /* ACCSSettingViewController.m */,
				33D18D5A20DA30DC00ACF0C7 /* ACCSSettingViewController.xib */,
			);
			path = accs;
			sourceTree = "<group>";
		};
		4A017CEB21006E59001FF027 /* man */ = {
			isa = PBXGroup;
			children = (
				4A017CEC21006EC7001FF027 /* BaseUIViewController.h */,
				4A017CEE21006EC7001FF027 /* BaseUIViewController.m */,
				4A017CF021006EC7001FF027 /* TestUIViewController.h */,
				4A017CED21006EC7001FF027 /* TestUIViewController.m */,
				4A017CF121006EC7001FF027 /* MANViewController.h */,
				4A017CEF21006EC7001FF027 /* MANViewController.m */,
			);
			path = man;
			sourceTree = "<group>";
		};
		7D6260E11FDA8C5900E856CB /* hotfix */ = {
			isa = PBXGroup;
			children = (
				7D8394A81FDB902900EBB60F /* fix.lua */,
				7D8394A41FDA954400EBB60F /* AlicloudHotFixEmas.framework */,
				7D6260E81FDA8C8400E856CB /* arp.framework */,
				7D6260E21FDA8C5900E856CB /* HFXTestClass.h */,
				7D6260E31FDA8C5900E856CB /* HFXTestClass.m */,
				7D6260E41FDA8C5900E856CB /* HFXViewController.h */,
				7D6260E51FDA8C5900E856CB /* HFXViewController.m */,
			);
			path = hotfix;
			sourceTree = "<group>";
		};
		869B55BA2140068300809084 /* Weex */ = {
			isa = PBXGroup;
			children = (
				869B55BB2140068300809084 /* Categroy */,
				869B55C42140068300809084 /* Handler */,
				869B55C72140068300809084 /* Scan */,
				869B55BE2140068300809084 /* EMASHostViewController.h */,
				869B55BF2140068300809084 /* EMASHostViewController.m */,
				869B55C02140068300809084 /* EMASWXRenderViewController.h */,
				869B55C12140068300809084 /* EMASWXRenderViewController.m */,
				869B55C22140068300809084 /* EMASWXSubSDKEngine.h */,
				869B55C32140068300809084 /* EMASWXSubSDKEngine.m */,
				869B55D221400A0600809084 /* EMASWeexContainerService.h */,
				869B55D321400A0600809084 /* EMASWeexContainerService.m */,
				869B55D521400A1700809084 /* EMASTabBarController.h */,
				869B55D621400A1700809084 /* EMASTabBarController.m */,
				869B55D821400A2100809084 /* EMASBaseNavigationController.h */,
				869B55DA21400A2100809084 /* EMASBaseNavigationController.m */,
				869B55DB21400A2100809084 /* EMASNativeViewController.h */,
				869B55D921400A2100809084 /* EMASNativeViewController.m */,
				8601D68D215CCB3600BDFC46 /* WeexContainer-Info.plist */,
			);
			path = Weex;
			sourceTree = "<group>";
		};
		869B55BB2140068300809084 /* Categroy */ = {
			isa = PBXGroup;
			children = (
				869B55BC2140068300809084 /* UIViewController+EMASWXNaviBar.h */,
				869B55BD2140068300809084 /* UIViewController+EMASWXNaviBar.m */,
			);
			path = Categroy;
			sourceTree = "<group>";
		};
		869B55C42140068300809084 /* Handler */ = {
			isa = PBXGroup;
			children = (
				869B55C52140068300809084 /* EMASWXNavigationImpl.h */,
				869B55C62140068300809084 /* EMASWXNavigationImpl.m */,
			);
			path = Handler;
			sourceTree = "<group>";
		};
		869B55C72140068300809084 /* Scan */ = {
			isa = PBXGroup;
			children = (
				869B55C82140068300809084 /* EMASScannerViewController.h */,
				869B55C92140068300809084 /* EMASScannerViewController.m */,
			);
			path = Scan;
			sourceTree = "<group>";
		};
		8AA1174A1FF5E8FD004D4D0A /* EMASWatch */ = {
			isa = PBXGroup;
			children = (
				8AA1174B1FF5E8FD004D4D0A /* Interface.storyboard */,
				8AA1174E1FF5E8FD004D4D0A /* Assets.xcassets */,
				8AA117501FF5E8FD004D4D0A /* Info.plist */,
			);
			path = EMASWatch;
			sourceTree = "<group>";
		};
		8AA117591FF5E8FE004D4D0A /* EMASWatch Extension */ = {
			isa = PBXGroup;
			children = (
				8AA1175A1FF5E8FE004D4D0A /* InterfaceController.h */,
				8AA1175B1FF5E8FE004D4D0A /* InterfaceController.m */,
				8AA1175D1FF5E8FE004D4D0A /* ExtensionDelegate.h */,
				8AA1175E1FF5E8FE004D4D0A /* ExtensionDelegate.m */,
				8AA117601FF5E8FE004D4D0A /* NotificationController.h */,
				8AA117611FF5E8FE004D4D0A /* NotificationController.m */,
				8AA117631FF5E8FE004D4D0A /* Assets.xcassets */,
				8AA117651FF5E8FE004D4D0A /* Info.plist */,
				8AA117661FF5E8FE004D4D0A /* PushNotificationPayload.apns */,
			);
			path = "EMASWatch Extension";
			sourceTree = "<group>";
		};
		8ADA95321FD9309400C0EF49 = {
			isa = PBXGroup;
			children = (
				8ADA953D1FD9309400C0EF49 /* EMASDemo */,
				8ADA95591FD9309400C0EF49 /* EMASDemoTests */,
				8ADA95641FD9309400C0EF49 /* EMASDemoUITests */,
				8AA1174A1FF5E8FD004D4D0A /* EMASWatch */,
				8AA117591FF5E8FE004D4D0A /* EMASWatch Extension */,
				8ADA953C1FD9309400C0EF49 /* Products */,
				024D3223F0A2D0A415B2F56B /* Pods */,
				D270D82292708B86B2F528C3 /* Frameworks */,
			);
			sourceTree = "<group>";
		};
		8ADA953C1FD9309400C0EF49 /* Products */ = {
			isa = PBXGroup;
			children = (
				8ADA953B1FD9309400C0EF49 /* EMASDemo.app */,
				8ADA95561FD9309400C0EF49 /* EMASDemoTests.xctest */,
				8ADA95611FD9309400C0EF49 /* EMASDemoUITests.xctest */,
			);
			name = Products;
			sourceTree = "<group>";
		};
		8ADA953D1FD9309400C0EF49 /* EMASDemo */ = {
			isa = PBXGroup;
			children = (
				8A69B606200C8E5F0073756D /* AliyunEmasServices-Info.plist */,
				8A69B608200C8F980073756D /* EMASService.h */,
				8A69B609200C8F980073756D /* EMASService.m */,
				8AA117461FF5E59F004D4D0A /* EMASDemo.entitlements */,
				8601D69C215F298800BDFC46 /* preload */,
				869B55BA2140068300809084 /* Weex */,
				4A017CEB21006E59001FF027 /* man */,
				1A65F6231FF2534A00B4573C /* AliHA */,
				7D6260E11FDA8C5900E856CB /* hotfix */,
				8ADA953E1FD9309400C0EF49 /* AppDelegate.h */,
				8ADA953F1FD9309400C0EF49 /* AppDelegate.m */,
				8ADA95411FD9309400C0EF49 /* FirstViewController.h */,
				8ADA95421FD9309400C0EF49 /* FirstViewController.m */,
				8ADA95441FD9309400C0EF49 /* SecondViewController.h */,
				8ADA95451FD9309400C0EF49 /* SecondViewController.m */,
				8ADA95471FD9309400C0EF49 /* Main.storyboard */,
				8ADA954A1FD9309400C0EF49 /* Assets.xcassets */,
				33D18D6220DA331700ACF0C7 /* wq_code_scanner_back@2x.png */,
				33D18D6320DA331700ACF0C7 /* wq_code_scanner_line@2x.png */,
				33D18D5D20DA31C400ACF0C7 /* btn_qr@2x.png */,
				8ADA954C1FD9309400C0EF49 /* LaunchScreen.storyboard */,
				8ADA954F1FD9309400C0EF49 /* Info.plist */,
				8ADA95501FD9309400C0EF49 /* main.m */,
				8ADA95731FDA3BA300C0EF49 /* FirstTableViewController.h */,
				8ADA95741FDA3BA300C0EF49 /* FirstTableViewController.m */,
				8ADA95761FDA3BB000C0EF49 /* SecondTableViewController.h */,
				8ADA95771FDA3BB000C0EF49 /* SecondTableViewController.m */,
				9A09D7901FF2721000585632 /* DemoDefine.h */,
				33A2550B20FDE2EC00C3F673 /* push */,
				33D18D4220DA04C000ACF0C7 /* accs */,
				980F855720BECB8A002156A2 /* Orange */,
				9A09D7941FF27A6200585632 /* bundlejs */,
				8A0922F0207A4A8500AA71FA /* AppConfigTableViewController.h */,
				8A0922F1207A4A8500AA71FA /* AppConfigTableViewController.m */,
				8A0922F3207B0B9800AA71FA /* MtopVerifyTableViewController.h */,
				8A0922F4207B0B9800AA71FA /* MtopVerifyTableViewController.m */,
				981DC5D620998B53006472AF /* MtopResultViewController.h */,
				981DC5D720998B53006472AF /* MtopResultViewController.m */,
				9815F23720A2F73F00F0F70D /* MtopCustomCell.h */,
				9815F23820A2F73F00F0F70D /* MtopCustomCell.m */,
			);
			path = EMASDemo;
			sourceTree = "<group>";
		};
		8ADA95591FD9309400C0EF49 /* EMASDemoTests */ = {
			isa = PBXGroup;
			children = (
				8ADA955A1FD9309400C0EF49 /* EMASDemoTests.m */,
				8ADA955C1FD9309400C0EF49 /* Info.plist */,
			);
			path = EMASDemoTests;
			sourceTree = "<group>";
		};
		8ADA95641FD9309400C0EF49 /* EMASDemoUITests */ = {
			isa = PBXGroup;
			children = (
				8ADA95651FD9309400C0EF49 /* EMASDemoUITests.m */,
				8ADA95671FD9309400C0EF49 /* Info.plist */,
			);
			path = EMASDemoUITests;
			sourceTree = "<group>";
		};
		980F855720BECB8A002156A2 /* Orange */ = {
			isa = PBXGroup;
			children = (
				980F855820BECC48002156A2 /* CustomCell.h */,
				980F856620BECC49002156A2 /* CustomCell.m */,
				980F856320BECC49002156A2 /* CustomCell.xib */,
				980F855B20BECC48002156A2 /* OrangeFeatureFirstVC.h */,
				980F856120BECC49002156A2 /* OrangeFeatureFirstVC.m */,
				980F855F20BECC48002156A2 /* OrangeFeatureFirstVC.xib */,
				980F856720BECC49002156A2 /* OrangeFeatureSecondVC.h */,
				980F855A20BECC48002156A2 /* OrangeFeatureSecondVC.m */,
				980F855E20BECC48002156A2 /* OrangeFeatureSecondVC.xib */,
				980F856420BECC49002156A2 /* OrangeRemotConfigDebugVC.h */,
				980F855D20BECC48002156A2 /* OrangeRemotConfigDebugVC.m */,
				980F856220BECC49002156A2 /* OrangeRemotConfigDebugVC.xib */,
				980F855920BECC48002156A2 /* OrangeRemoteConfigRootVC.h */,
				980F856520BECC49002156A2 /* OrangeRemoteConfigRootVC.m */,
				980F855C20BECC48002156A2 /* OrangeRemoteConfigRootVC.xib */,
				980F856020BECC49002156A2 /* OrangeTestConstants.h */,
			);
			path = Orange;
			sourceTree = "<group>";
		};
		9A09D7941FF27A6200585632 /* bundlejs */ = {
			isa = PBXGroup;
			children = (
				9A09D7951FF27A6200585632 /* index.js */,
			);
			path = bundlejs;
			sourceTree = "<group>";
		};
		D270D82292708B86B2F528C3 /* Frameworks */ = {
			isa = PBXGroup;
			children = (
				8AC0CB6D200312CF00FD44E6 /* MobileCoreServices.framework */,
				8AB1A7BE1FFDDE50007C4675 /* UIKit.framework */,
				C9D522707B463174EC727EEF /* libPods-EMASDemo.a */,
			);
			name = Frameworks;
			sourceTree = "<group>";
		};
/* End PBXGroup section */

/* Begin PBXNativeTarget section */
		8ADA953A1FD9309400C0EF49 /* EMASDemo */ = {
			isa = PBXNativeTarget;
			buildConfigurationList = 8ADA956A1FD9309400C0EF49 /* Build configuration list for PBXNativeTarget "EMASDemo" */;
			buildPhases = (
				825039DA85D5B5D38C35EE8C /* [CP] Check Pods Manifest.lock */,
				579AA850E8214768859E3DFA /* [CP] Check Pods Manifest.lock */,
				D784AF3C3C4686A8D23CC66A /* [CP] Check Pods Manifest.lock */,
				8ADA95371FD9309400C0EF49 /* Sources */,
				8ADA95381FD9309400C0EF49 /* Frameworks */,
				8ADA95391FD9309400C0EF49 /* Resources */,
				AA85B2CA3C2F5806D1BDF7DB /* [CP] Copy Pods Resources */,
				67DAC7CF7E1FB0DDB324BBC0 /* 📦 Copy Pods Resources */,
				8ABD97BD1FF4D55700469557 /* Embed Watch Content */,
			);
			buildRules = (
			);
			dependencies = (
			);
			name = EMASDemo;
			productName = EMASDemo;
			productReference = 8ADA953B1FD9309400C0EF49 /* EMASDemo.app */;
			productType = "com.apple.product-type.application";
		};
		8ADA95551FD9309400C0EF49 /* EMASDemoTests */ = {
			isa = PBXNativeTarget;
			buildConfigurationList = 8ADA956D1FD9309400C0EF49 /* Build configuration list for PBXNativeTarget "EMASDemoTests" */;
			buildPhases = (
				8ADA95521FD9309400C0EF49 /* Sources */,
				8ADA95531FD9309400C0EF49 /* Frameworks */,
				8ADA95541FD9309400C0EF49 /* Resources */,
			);
			buildRules = (
			);
			dependencies = (
				8ADA95581FD9309400C0EF49 /* PBXTargetDependency */,
			);
			name = EMASDemoTests;
			productName = EMASDemoTests;
			productReference = 8ADA95561FD9309400C0EF49 /* EMASDemoTests.xctest */;
			productType = "com.apple.product-type.bundle.unit-test";
		};
		8ADA95601FD9309400C0EF49 /* EMASDemoUITests */ = {
			isa = PBXNativeTarget;
			buildConfigurationList = 8ADA95701FD9309400C0EF49 /* Build configuration list for PBXNativeTarget "EMASDemoUITests" */;
			buildPhases = (
				8ADA955D1FD9309400C0EF49 /* Sources */,
				8ADA955E1FD9309400C0EF49 /* Frameworks */,
				8ADA955F1FD9309400C0EF49 /* Resources */,
			);
			buildRules = (
			);
			dependencies = (
				8ADA95631FD9309400C0EF49 /* PBXTargetDependency */,
			);
			name = EMASDemoUITests;
			productName = EMASDemoUITests;
			productReference = 8ADA95611FD9309400C0EF49 /* EMASDemoUITests.xctest */;
			productType = "com.apple.product-type.bundle.ui-testing";
		};
/* End PBXNativeTarget section */

/* Begin PBXProject section */
		8ADA95331FD9309400C0EF49 /* Project object */ = {
			isa = PBXProject;
			attributes = {
				LastUpgradeCheck = 0900;
				ORGANIZATIONNAME = EMAS;
				TargetAttributes = {
					8ADA953A1FD9309400C0EF49 = {
						CreatedOnToolsVersion = 9.0;
						ProvisioningStyle = Automatic;
						SystemCapabilities = {
							com.apple.ApplicationGroups.iOS = {
								enabled = 0;
							};
							com.apple.Push = {
								enabled = 1;
							};
							com.apple.VPNLite = {
								enabled = 0;
							};
						};
					};
					8ADA95551FD9309400C0EF49 = {
						CreatedOnToolsVersion = 9.0;
						ProvisioningStyle = Automatic;
						TestTargetID = 8ADA953A1FD9309400C0EF49;
					};
					8ADA95601FD9309400C0EF49 = {
						CreatedOnToolsVersion = 9.0;
						ProvisioningStyle = Automatic;
						TestTargetID = 8ADA953A1FD9309400C0EF49;
					};
				};
			};
			buildConfigurationList = 8ADA95361FD9309400C0EF49 /* Build configuration list for PBXProject "EMASDemo" */;
			compatibilityVersion = "Xcode 8.0";
			developmentRegion = en;
			hasScannedForEncodings = 0;
			knownRegions = (
				en,
				Base,
			);
			mainGroup = 8ADA95321FD9309400C0EF49;
			productRefGroup = 8ADA953C1FD9309400C0EF49 /* Products */;
			projectDirPath = "";
			projectRoot = "";
			targets = (
				8ADA953A1FD9309400C0EF49 /* EMASDemo */,
				8ADA95551FD9309400C0EF49 /* EMASDemoTests */,
				8ADA95601FD9309400C0EF49 /* EMASDemoUITests */,
			);
		};
/* End PBXProject section */

/* Begin PBXResourcesBuildPhase section */
		8ADA95391FD9309400C0EF49 /* Resources */ = {
			isa = PBXResourcesBuildPhase;
			buildActionMask = 2147483647;
			files = (
				8ADA954E1FD9309400C0EF49 /* LaunchScreen.storyboard in Resources */,
				33D18D5C20DA30DC00ACF0C7 /* ACCSSettingViewController.xib in Resources */,
				8601D69D215F298800BDFC46 /* preload in Resources */,
				980F856F20BECC49002156A2 /* CustomCell.xib in Resources */,
				980F856C20BECC49002156A2 /* OrangeFeatureFirstVC.xib in Resources */,
				8ADA954B1FD9309400C0EF49 /* Assets.xcassets in Resources */,
				7D8394A91FDB902900EBB60F /* fix.lua in Resources */,
				980F856920BECC49002156A2 /* OrangeRemoteConfigRootVC.xib in Resources */,
				9A09D7961FF27A6200585632 /* index.js in Resources */,
				8ADA95491FD9309400C0EF49 /* Main.storyboard in Resources */,
				8601D68E215CCB3600BDFC46 /* WeexContainer-Info.plist in Resources */,
				33D18D5720DA2CFB00ACF0C7 /* ACCSViewController.xib in Resources */,
				33D18D6520DA331700ACF0C7 /* wq_code_scanner_line@2x.png in Resources */,
				33D18D5E20DA31C500ACF0C7 /* btn_qr@2x.png in Resources */,
				33A2551020FDE37000C3F673 /* PushViewController.xib in Resources */,
				8A69B607200C8E5F0073756D /* AliyunEmasServices-Info.plist in Resources */,
				980F856E20BECC49002156A2 /* OrangeRemotConfigDebugVC.xib in Resources */,
				980F856B20BECC49002156A2 /* OrangeFeatureSecondVC.xib in Resources */,
				33D18D6420DA331700ACF0C7 /* wq_code_scanner_back@2x.png in Resources */,
			);
			runOnlyForDeploymentPostprocessing = 0;
		};
		8ADA95541FD9309400C0EF49 /* Resources */ = {
			isa = PBXResourcesBuildPhase;
			buildActionMask = 2147483647;
			files = (
			);
			runOnlyForDeploymentPostprocessing = 0;
		};
		8ADA955F1FD9309400C0EF49 /* Resources */ = {
			isa = PBXResourcesBuildPhase;
			buildActionMask = 2147483647;
			files = (
			);
			runOnlyForDeploymentPostprocessing = 0;
		};
/* End PBXResourcesBuildPhase section */

/* Begin PBXShellScriptBuildPhase section */
		579AA850E8214768859E3DFA /* [CP] Check Pods Manifest.lock */ = {
			isa = PBXShellScriptBuildPhase;
			buildActionMask = 2147483647;
			files = (
			);
			inputPaths = (
			);
			name = "[CP] Check Pods Manifest.lock";
			outputPaths = (
			);
			runOnlyForDeploymentPostprocessing = 0;
			shellPath = /bin/sh;
			shellScript = "diff \"${PODS_ROOT}/../Podfile.lock\" \"${PODS_ROOT}/Manifest.lock\" > /dev/null\nif [ $? != 0 ] ; then\n    # print error to STDERR\n    echo \"error: The sandbox is not in sync with the Podfile.lock. Run 'pod install' or update your CocoaPods installation.\" >&2\n    exit 1\nfi\n";
			showEnvVarsInLog = 0;
		};
		67DAC7CF7E1FB0DDB324BBC0 /* 📦 Copy Pods Resources */ = {
			isa = PBXShellScriptBuildPhase;
			buildActionMask = 2147483647;
			files = (
			);
			inputPaths = (
			);
			name = "📦 Copy Pods Resources";
			outputPaths = (
			);
			runOnlyForDeploymentPostprocessing = 0;
			shellPath = /bin/sh;
			shellScript = "\"${SRCROOT}/Pods/Target Support Files/Pods-EMASDemo/Pods-EMASDemo-resources.sh\"\n";
			showEnvVarsInLog = 0;
		};
		825039DA85D5B5D38C35EE8C /* [CP] Check Pods Manifest.lock */ = {
			isa = PBXShellScriptBuildPhase;
			buildActionMask = 2147483647;
			files = (
			);
			inputPaths = (
				"${PODS_PODFILE_DIR_PATH}/Podfile.lock",
				"${PODS_ROOT}/Manifest.lock",
			);
			name = "[CP] Check Pods Manifest.lock";
			outputPaths = (
				"$(DERIVED_FILE_DIR)/Pods-EMASDemo-checkManifestLockResult.txt",
			);
			runOnlyForDeploymentPostprocessing = 0;
			shellPath = /bin/sh;
			shellScript = "diff \"${PODS_PODFILE_DIR_PATH}/Podfile.lock\" \"${PODS_ROOT}/Manifest.lock\" > /dev/null\nif [ $? != 0 ] ; then\n    # print error to STDERR\n    echo \"error: The sandbox is not in sync with the Podfile.lock. Run 'pod install' or update your CocoaPods installation.\" >&2\n    exit 1\nfi\n# This output is used by Xcode 'outputs' to avoid re-running this script phase.\necho \"SUCCESS\" > \"${SCRIPT_OUTPUT_FILE_0}\"\n";
			showEnvVarsInLog = 0;
		};
		AA85B2CA3C2F5806D1BDF7DB /* [CP] Copy Pods Resources */ = {
			isa = PBXShellScriptBuildPhase;
			buildActionMask = 2147483647;
			files = (
			);
			inputPaths = (
				"${SRCROOT}/Pods/Target Support Files/Pods-EMASDemo/Pods-EMASDemo-resources.sh",
				"${PODS_ROOT}/AliHAAdapter4poc/AliHAAdapter4poc.framework/alihaadapter4poc_bundle.plist",
				"${PODS_ROOT}/AliHACore/AliHACore.framework/alihacore_bundle.plist",
				"${PODS_ROOT}/AliHADeviceEvaluation/AliHADeviceEvaluation.framework/alihadeviceevaluation_bundle.plist",
				"${PODS_ROOT}/AliHAPerformanceMonitor/AliHAPerformanceMonitor.framework/alihaperformancemonitor_bundle.plist",
				"${PODS_ROOT}/AliHASecurity/AliHASecurity.framework/alihasecurity_bundle.plist",
				"${PODS_ROOT}/EMASWeex/EMASWeex.framework/EMASWeex-Info.plist",
				"${PODS_ROOT}/JDYThreadTrace/JDYThreadTrace.framework/.gitkeep",
				"${PODS_ROOT}/JDYThreadTrace/JDYThreadTrace.framework/JDYThreadTrace.podspec",
				"${PODS_ROOT}/TBRest/TBRest.framework/TBRest.podspec",
				"${PODS_ROOT}/TBRest/TBRest.framework/.gitkeep",
				"${PODS_ROOT}/UserTrack/UT.framework/Resources/UserTrack-Info.plist",
				"${PODS_ROOT}/WeexSDK/WeexSDK.framework/native-bundle-main.js",
				"${PODS_ROOT}/WeexSDK/WeexSDK.framework/weex-main-jsfm.js",
				"${PODS_ROOT}/WeexSDK/WeexSDK.framework/weex-polyfill.js",
				"${PODS_ROOT}/WeexSDK/WeexSDK.framework/weex-rax-api.js",
				"${PODS_ROOT}/WeexSDK/WeexSDK.framework/wx_load_error@3x.png",
			);
			name = "[CP] Copy Pods Resources";
			outputPaths = (
				"${TARGET_BUILD_DIR}/${UNLOCALIZED_RESOURCES_FOLDER_PATH}/alihaadapter4poc_bundle.plist",
				"${TARGET_BUILD_DIR}/${UNLOCALIZED_RESOURCES_FOLDER_PATH}/alihacore_bundle.plist",
				"${TARGET_BUILD_DIR}/${UNLOCALIZED_RESOURCES_FOLDER_PATH}/alihadeviceevaluation_bundle.plist",
				"${TARGET_BUILD_DIR}/${UNLOCALIZED_RESOURCES_FOLDER_PATH}/alihaperformancemonitor_bundle.plist",
				"${TARGET_BUILD_DIR}/${UNLOCALIZED_RESOURCES_FOLDER_PATH}/alihasecurity_bundle.plist",
				"${TARGET_BUILD_DIR}/${UNLOCALIZED_RESOURCES_FOLDER_PATH}/EMASWeex-Info.plist",
				"${TARGET_BUILD_DIR}/${UNLOCALIZED_RESOURCES_FOLDER_PATH}/.gitkeep",
				"${TARGET_BUILD_DIR}/${UNLOCALIZED_RESOURCES_FOLDER_PATH}/JDYThreadTrace.podspec",
				"${TARGET_BUILD_DIR}/${UNLOCALIZED_RESOURCES_FOLDER_PATH}/TBRest.podspec",
				"${TARGET_BUILD_DIR}/${UNLOCALIZED_RESOURCES_FOLDER_PATH}/UserTrack-Info.plist",
				"${TARGET_BUILD_DIR}/${UNLOCALIZED_RESOURCES_FOLDER_PATH}/native-bundle-main.js",
				"${TARGET_BUILD_DIR}/${UNLOCALIZED_RESOURCES_FOLDER_PATH}/weex-main-jsfm.js",
				"${TARGET_BUILD_DIR}/${UNLOCALIZED_RESOURCES_FOLDER_PATH}/weex-polyfill.js",
				"${TARGET_BUILD_DIR}/${UNLOCALIZED_RESOURCES_FOLDER_PATH}/weex-rax-api.js",
				"${TARGET_BUILD_DIR}/${UNLOCALIZED_RESOURCES_FOLDER_PATH}/wx_load_error@3x.png",
			);
			runOnlyForDeploymentPostprocessing = 0;
			shellPath = /bin/sh;
			shellScript = "\"${SRCROOT}/Pods/Target Support Files/Pods-EMASDemo/Pods-EMASDemo-resources.sh\"\n";
			showEnvVarsInLog = 0;
		};
		D784AF3C3C4686A8D23CC66A /* [CP] Check Pods Manifest.lock */ = {
			isa = PBXShellScriptBuildPhase;
			buildActionMask = 2147483647;
			files = (
			);
			inputPaths = (
				"${PODS_PODFILE_DIR_PATH}/Podfile.lock",
				"${PODS_ROOT}/Manifest.lock",
			);
			name = "[CP] Check Pods Manifest.lock";
			outputPaths = (
				"$(DERIVED_FILE_DIR)/Pods-EMASDemo-checkManifestLockResult.txt",
			);
			runOnlyForDeploymentPostprocessing = 0;
			shellPath = /bin/sh;
			shellScript = "diff \"${PODS_ROOT}/../Podfile.lock\" \"${PODS_ROOT}/Manifest.lock\" > /dev/null\nif [ $? != 0 ] ; then\n    # print error to STDERR\n    echo \"error: The sandbox is not in sync with the Podfile.lock. Run 'pod install' or update your CocoaPods installation.\" >&2\n    exit 1\nfi\n";
			showEnvVarsInLog = 0;
		};
/* End PBXShellScriptBuildPhase section */

/* Begin PBXSourcesBuildPhase section */
		8ADA95371FD9309400C0EF49 /* Sources */ = {
			isa = PBXSourcesBuildPhase;
			buildActionMask = 2147483647;
			files = (
				869B55D421400A0700809084 /* EMASWeexContainerService.m in Sources */,
				33D18D4B20DA06CE00ACF0C7 /* AccsConfiguration.m in Sources */,
				1A65F6261FF253CF00B4573C /* AliHATestCaseViewController.mm in Sources */,
				869B55DD21400A2100809084 /* EMASBaseNavigationController.m in Sources */,
				981DC5D820998B53006472AF /* MtopResultViewController.m in Sources */,
				980F856820BECC49002156A2 /* OrangeFeatureSecondVC.m in Sources */,
				8ADA95461FD9309400C0EF49 /* SecondViewController.m in Sources */,
				8ADA95401FD9309400C0EF49 /* AppDelegate.m in Sources */,
				33D18D5620DA2CFB00ACF0C7 /* ACCSViewController.m in Sources */,
				4A017CF321006EC7001FF027 /* BaseUIViewController.m in Sources */,
				869B55DC21400A2100809084 /* EMASNativeViewController.m in Sources */,
				869B55CE2140068400809084 /* EMASWXNavigationImpl.m in Sources */,
				9815F23920A2F73F00F0F70D /* MtopCustomCell.m in Sources */,
				4A017CF421006EC7001FF027 /* MANViewController.m in Sources */,
				869B55CA2140068400809084 /* UIViewController+EMASWXNaviBar.m in Sources */,
				8ADA95751FDA3BA300C0EF49 /* FirstTableViewController.m in Sources */,
				33D18D5B20DA30DC00ACF0C7 /* ACCSSettingViewController.m in Sources */,
				869B55CB2140068400809084 /* EMASHostViewController.m in Sources */,
				980F857020BECC49002156A2 /* OrangeRemoteConfigRootVC.m in Sources */,
				8A0922F5207B0B9800AA71FA /* MtopVerifyTableViewController.m in Sources */,
				4A017CF221006EC7001FF027 /* TestUIViewController.m in Sources */,
				7D6260E71FDA8C5A00E856CB /* HFXViewController.m in Sources */,
				980F856A20BECC49002156A2 /* OrangeRemotConfigDebugVC.m in Sources */,
				8ADA95511FD9309400C0EF49 /* main.m in Sources */,
				869B55CD2140068400809084 /* EMASWXSubSDKEngine.m in Sources */,
				33D18D6120DA330100ACF0C7 /* WQCodeScanner.m in Sources */,
				869B55CC2140068400809084 /* EMASWXRenderViewController.m in Sources */,
				869B55D721400A1700809084 /* EMASTabBarController.m in Sources */,
				980F857120BECC49002156A2 /* CustomCell.m in Sources */,
				8A0922F2207A4A8500AA71FA /* AppConfigTableViewController.m in Sources */,
				7D6260E61FDA8C5A00E856CB /* HFXTestClass.m in Sources */,
				8A69B60A200C8F980073756D /* EMASService.m in Sources */,
				33A2550F20FDE37000C3F673 /* PushViewController.m in Sources */,
				869B55CF2140068400809084 /* EMASScannerViewController.m in Sources */,
				8ADA95431FD9309400C0EF49 /* FirstViewController.m in Sources */,
				8ADA95781FDA3BB000C0EF49 /* SecondTableViewController.m in Sources */,
				980F856D20BECC49002156A2 /* OrangeFeatureFirstVC.m in Sources */,
			);
			runOnlyForDeploymentPostprocessing = 0;
		};
		8ADA95521FD9309400C0EF49 /* Sources */ = {
			isa = PBXSourcesBuildPhase;
			buildActionMask = 2147483647;
			files = (
				8ADA955B1FD9309400C0EF49 /* EMASDemoTests.m in Sources */,
			);
			runOnlyForDeploymentPostprocessing = 0;
		};
		8ADA955D1FD9309400C0EF49 /* Sources */ = {
			isa = PBXSourcesBuildPhase;
			buildActionMask = 2147483647;
			files = (
				8ADA95661FD9309400C0EF49 /* EMASDemoUITests.m in Sources */,
			);
			runOnlyForDeploymentPostprocessing = 0;
		};
/* End PBXSourcesBuildPhase section */

/* Begin PBXTargetDependency section */
		8ADA95581FD9309400C0EF49 /* PBXTargetDependency */ = {
			isa = PBXTargetDependency;
			target = 8ADA953A1FD9309400C0EF49 /* EMASDemo */;
			targetProxy = 8ADA95571FD9309400C0EF49 /* PBXContainerItemProxy */;
		};
		8ADA95631FD9309400C0EF49 /* PBXTargetDependency */ = {
			isa = PBXTargetDependency;
			target = 8ADA953A1FD9309400C0EF49 /* EMASDemo */;
			targetProxy = 8ADA95621FD9309400C0EF49 /* PBXContainerItemProxy */;
		};
/* End PBXTargetDependency section */

/* Begin PBXVariantGroup section */
		8AA1174B1FF5E8FD004D4D0A /* Interface.storyboard */ = {
			isa = PBXVariantGroup;
			children = (
				8AA1174C1FF5E8FD004D4D0A /* Base */,
			);
			name = Interface.storyboard;
			sourceTree = "<group>";
		};
		8ADA95471FD9309400C0EF49 /* Main.storyboard */ = {
			isa = PBXVariantGroup;
			children = (
				8ADA95481FD9309400C0EF49 /* Base */,
			);
			name = Main.storyboard;
			sourceTree = "<group>";
		};
		8ADA954C1FD9309400C0EF49 /* LaunchScreen.storyboard */ = {
			isa = PBXVariantGroup;
			children = (
				8ADA954D1FD9309400C0EF49 /* Base */,
			);
			name = LaunchScreen.storyboard;
			sourceTree = "<group>";
		};
/* End PBXVariantGroup section */

/* Begin XCBuildConfiguration section */
		8ADA95681FD9309400C0EF49 /* Debug */ = {
			isa = XCBuildConfiguration;
			buildSettings = {
				ALWAYS_SEARCH_USER_PATHS = NO;
				CLANG_ANALYZER_NONNULL = YES;
				CLANG_ANALYZER_NUMBER_OBJECT_CONVERSION = YES_AGGRESSIVE;
				CLANG_CXX_LANGUAGE_STANDARD = "gnu++14";
				CLANG_CXX_LIBRARY = "libc++";
				CLANG_ENABLE_MODULES = YES;
				CLANG_ENABLE_OBJC_ARC = YES;
				CLANG_WARN_BLOCK_CAPTURE_AUTORELEASING = YES;
				CLANG_WARN_BOOL_CONVERSION = YES;
				CLANG_WARN_COMMA = YES;
				CLANG_WARN_CONSTANT_CONVERSION = YES;
				CLANG_WARN_DIRECT_OBJC_ISA_USAGE = YES_ERROR;
				CLANG_WARN_DOCUMENTATION_COMMENTS = YES;
				CLANG_WARN_EMPTY_BODY = YES;
				CLANG_WARN_ENUM_CONVERSION = YES;
				CLANG_WARN_INFINITE_RECURSION = YES;
				CLANG_WARN_INT_CONVERSION = YES;
				CLANG_WARN_NON_LITERAL_NULL_CONVERSION = YES;
				CLANG_WARN_OBJC_LITERAL_CONVERSION = YES;
				CLANG_WARN_OBJC_ROOT_CLASS = YES_ERROR;
				CLANG_WARN_RANGE_LOOP_ANALYSIS = YES;
				CLANG_WARN_STRICT_PROTOTYPES = YES;
				CLANG_WARN_SUSPICIOUS_MOVE = YES;
				CLANG_WARN_UNGUARDED_AVAILABILITY = YES_AGGRESSIVE;
				CLANG_WARN_UNREACHABLE_CODE = YES;
				CLANG_WARN__DUPLICATE_METHOD_MATCH = YES;
				CODE_SIGN_IDENTITY = "iPhone Developer";
				COPY_PHASE_STRIP = NO;
				DEBUG_INFORMATION_FORMAT = dwarf;
				ENABLE_STRICT_OBJC_MSGSEND = YES;
				ENABLE_TESTABILITY = YES;
				GCC_C_LANGUAGE_STANDARD = gnu11;
				GCC_DYNAMIC_NO_PIC = NO;
				GCC_NO_COMMON_BLOCKS = YES;
				GCC_OPTIMIZATION_LEVEL = 0;
				GCC_PREPROCESSOR_DEFINITIONS = (
					"DEBUG=1",
					"$(inherited)",
				);
				GCC_WARN_64_TO_32_BIT_CONVERSION = YES;
				GCC_WARN_ABOUT_RETURN_TYPE = YES_ERROR;
				GCC_WARN_UNDECLARED_SELECTOR = YES;
				GCC_WARN_UNINITIALIZED_AUTOS = YES_AGGRESSIVE;
				GCC_WARN_UNUSED_FUNCTION = YES;
				GCC_WARN_UNUSED_VARIABLE = YES;
				IPHONEOS_DEPLOYMENT_TARGET = 11.0;
				MTL_ENABLE_DEBUG_INFO = YES;
				ONLY_ACTIVE_ARCH = YES;
				SDKROOT = iphoneos;
			};
			name = Debug;
		};
		8ADA95691FD9309400C0EF49 /* Release */ = {
			isa = XCBuildConfiguration;
			buildSettings = {
				ALWAYS_SEARCH_USER_PATHS = NO;
				CLANG_ANALYZER_NONNULL = YES;
				CLANG_ANALYZER_NUMBER_OBJECT_CONVERSION = YES_AGGRESSIVE;
				CLANG_CXX_LANGUAGE_STANDARD = "gnu++14";
				CLANG_CXX_LIBRARY = "libc++";
				CLANG_ENABLE_MODULES = YES;
				CLANG_ENABLE_OBJC_ARC = YES;
				CLANG_WARN_BLOCK_CAPTURE_AUTORELEASING = YES;
				CLANG_WARN_BOOL_CONVERSION = YES;
				CLANG_WARN_COMMA = YES;
				CLANG_WARN_CONSTANT_CONVERSION = YES;
				CLANG_WARN_DIRECT_OBJC_ISA_USAGE = YES_ERROR;
				CLANG_WARN_DOCUMENTATION_COMMENTS = YES;
				CLANG_WARN_EMPTY_BODY = YES;
				CLANG_WARN_ENUM_CONVERSION = YES;
				CLANG_WARN_INFINITE_RECURSION = YES;
				CLANG_WARN_INT_CONVERSION = YES;
				CLANG_WARN_NON_LITERAL_NULL_CONVERSION = YES;
				CLANG_WARN_OBJC_LITERAL_CONVERSION = YES;
				CLANG_WARN_OBJC_ROOT_CLASS = YES_ERROR;
				CLANG_WARN_RANGE_LOOP_ANALYSIS = YES;
				CLANG_WARN_STRICT_PROTOTYPES = YES;
				CLANG_WARN_SUSPICIOUS_MOVE = YES;
				CLANG_WARN_UNGUARDED_AVAILABILITY = YES_AGGRESSIVE;
				CLANG_WARN_UNREACHABLE_CODE = YES;
				CLANG_WARN__DUPLICATE_METHOD_MATCH = YES;
				CODE_SIGN_IDENTITY = "iPhone Developer";
				COPY_PHASE_STRIP = NO;
				DEBUG_INFORMATION_FORMAT = "dwarf-with-dsym";
				ENABLE_NS_ASSERTIONS = NO;
				ENABLE_STRICT_OBJC_MSGSEND = YES;
				GCC_C_LANGUAGE_STANDARD = gnu11;
				GCC_NO_COMMON_BLOCKS = YES;
				GCC_WARN_64_TO_32_BIT_CONVERSION = YES;
				GCC_WARN_ABOUT_RETURN_TYPE = YES_ERROR;
				GCC_WARN_UNDECLARED_SELECTOR = YES;
				GCC_WARN_UNINITIALIZED_AUTOS = YES_AGGRESSIVE;
				GCC_WARN_UNUSED_FUNCTION = YES;
				GCC_WARN_UNUSED_VARIABLE = YES;
				IPHONEOS_DEPLOYMENT_TARGET = 11.0;
				MTL_ENABLE_DEBUG_INFO = NO;
				SDKROOT = iphoneos;
				VALIDATE_PRODUCT = YES;
			};
			name = Release;
		};
		8ADA956B1FD9309400C0EF49 /* Debug */ = {
			isa = XCBuildConfiguration;
			baseConfigurationReference = 97BD7DEF55A6F7A44C7420EE /* Pods-EMASDemo.debug.xcconfig */;
			buildSettings = {
				ASSETCATALOG_COMPILER_APPICON_NAME = AppIcon;
				CLANG_ALLOW_NON_MODULAR_INCLUDES_IN_FRAMEWORK_MODULES = YES;
				CLANG_CXX_LANGUAGE_STANDARD = "c++0x";
				CLANG_CXX_LIBRARY = "libc++";
				CODE_SIGN_ENTITLEMENTS = EMASDemo/EMASDemo.entitlements;
				CODE_SIGN_IDENTITY = "iPhone Developer";
				"CODE_SIGN_IDENTITY[sdk=iphoneos*]" = "iPhone Developer";
				CODE_SIGN_STYLE = Automatic;
				DEVELOPMENT_TEAM = XN6U3EV979;
				ENABLE_BITCODE = NO;
				FRAMEWORK_SEARCH_PATHS = (
					"$(inherited)",
					"$(PROJECT_DIR)/EMASDemo/hotfix",
					"$(PROJECT_DIR)",
				);
				INFOPLIST_FILE = EMASDemo/Info.plist;
				IPHONEOS_DEPLOYMENT_TARGET = 9.0;
				LD_RUNPATH_SEARCH_PATHS = "$(inherited) @executable_path/Frameworks";
				PRODUCT_BUNDLE_IDENTIFIER = com.csii.ios;
				PRODUCT_NAME = "$(TARGET_NAME)";
				PROVISIONING_PROFILE = "";
				PROVISIONING_PROFILE_SPECIFIER = "";
				TARGETED_DEVICE_FAMILY = "1,2";
			};
			name = Debug;
		};
		8ADA956C1FD9309400C0EF49 /* Release */ = {
			isa = XCBuildConfiguration;
			baseConfigurationReference = 0841F49C85C633B167F1BB45 /* Pods-EMASDemo.release.xcconfig */;
			buildSettings = {
				ASSETCATALOG_COMPILER_APPICON_NAME = AppIcon;
				CLANG_ALLOW_NON_MODULAR_INCLUDES_IN_FRAMEWORK_MODULES = YES;
				CLANG_CXX_LANGUAGE_STANDARD = "c++0x";
				CLANG_CXX_LIBRARY = "libc++";
				CODE_SIGN_ENTITLEMENTS = EMASDemo/EMASDemo.entitlements;
				CODE_SIGN_IDENTITY = "iPhone Developer";
				"CODE_SIGN_IDENTITY[sdk=iphoneos*]" = "iPhone Developer";
				CODE_SIGN_STYLE = Automatic;
				DEVELOPMENT_TEAM = XN6U3EV979;
				ENABLE_BITCODE = NO;
				FRAMEWORK_SEARCH_PATHS = (
					"$(inherited)",
					"$(PROJECT_DIR)/EMASDemo/hotfix",
					"$(PROJECT_DIR)",
				);
				INFOPLIST_FILE = EMASDemo/Info.plist;
				IPHONEOS_DEPLOYMENT_TARGET = 9.0;
				LD_RUNPATH_SEARCH_PATHS = "$(inherited) @executable_path/Frameworks";
				PRODUCT_BUNDLE_IDENTIFIER = com.csii.ios;
				PRODUCT_NAME = "$(TARGET_NAME)";
				PROVISIONING_PROFILE = "";
				PROVISIONING_PROFILE_SPECIFIER = "";
				TARGETED_DEVICE_FAMILY = "1,2";
			};
			name = Release;
		};
		8ADA956E1FD9309400C0EF49 /* Debug */ = {
			isa = XCBuildConfiguration;
			buildSettings = {
				BUNDLE_LOADER = "$(TEST_HOST)";
				CODE_SIGN_STYLE = Automatic;
				INFOPLIST_FILE = EMASDemoTests/Info.plist;
				LD_RUNPATH_SEARCH_PATHS = "$(inherited) @executable_path/Frameworks @loader_path/Frameworks";
				PRODUCT_BUNDLE_IDENTIFIER = com.taobao.EMASDemoTests;
				PRODUCT_NAME = "$(TARGET_NAME)";
				TARGETED_DEVICE_FAMILY = "1,2";
				TEST_HOST = "$(BUILT_PRODUCTS_DIR)/EMASDemo.app/EMASDemo";
			};
			name = Debug;
		};
		8ADA956F1FD9309400C0EF49 /* Release */ = {
			isa = XCBuildConfiguration;
			buildSettings = {
				BUNDLE_LOADER = "$(TEST_HOST)";
				CODE_SIGN_STYLE = Automatic;
				INFOPLIST_FILE = EMASDemoTests/Info.plist;
				LD_RUNPATH_SEARCH_PATHS = "$(inherited) @executable_path/Frameworks @loader_path/Frameworks";
				PRODUCT_BUNDLE_IDENTIFIER = com.taobao.EMASDemoTests;
				PRODUCT_NAME = "$(TARGET_NAME)";
				TARGETED_DEVICE_FAMILY = "1,2";
				TEST_HOST = "$(BUILT_PRODUCTS_DIR)/EMASDemo.app/EMASDemo";
			};
			name = Release;
		};
		8ADA95711FD9309400C0EF49 /* Debug */ = {
			isa = XCBuildConfiguration;
			buildSettings = {
				CODE_SIGN_STYLE = Automatic;
				INFOPLIST_FILE = EMASDemoUITests/Info.plist;
				LD_RUNPATH_SEARCH_PATHS = "$(inherited) @executable_path/Frameworks @loader_path/Frameworks";
				PRODUCT_BUNDLE_IDENTIFIER = com.taobao.EMASDemoUITests;
				PRODUCT_NAME = "$(TARGET_NAME)";
				TARGETED_DEVICE_FAMILY = "1,2";
				TEST_TARGET_NAME = EMASDemo;
			};
			name = Debug;
		};
		8ADA95721FD9309400C0EF49 /* Release */ = {
			isa = XCBuildConfiguration;
			buildSettings = {
				CODE_SIGN_STYLE = Automatic;
				INFOPLIST_FILE = EMASDemoUITests/Info.plist;
				LD_RUNPATH_SEARCH_PATHS = "$(inherited) @executable_path/Frameworks @loader_path/Frameworks";
				PRODUCT_BUNDLE_IDENTIFIER = com.taobao.EMASDemoUITests;
				PRODUCT_NAME = "$(TARGET_NAME)";
				TARGETED_DEVICE_FAMILY = "1,2";
				TEST_TARGET_NAME = EMASDemo;
			};
			name = Release;
		};
/* End XCBuildConfiguration section */

/* Begin XCConfigurationList section */
		8ADA95361FD9309400C0EF49 /* Build configuration list for PBXProject "EMASDemo" */ = {
			isa = XCConfigurationList;
			buildConfigurations = (
				8ADA95681FD9309400C0EF49 /* Debug */,
				8ADA95691FD9309400C0EF49 /* Release */,
			);
			defaultConfigurationIsVisible = 0;
			defaultConfigurationName = Release;
		};
		8ADA956A1FD9309400C0EF49 /* Build configuration list for PBXNativeTarget "EMASDemo" */ = {
			isa = XCConfigurationList;
			buildConfigurations = (
				8ADA956B1FD9309400C0EF49 /* Debug */,
				8ADA956C1FD9309400C0EF49 /* Release */,
			);
			defaultConfigurationIsVisible = 0;
			defaultConfigurationName = Release;
		};
		8ADA956D1FD9309400C0EF49 /* Build configuration list for PBXNativeTarget "EMASDemoTests" */ = {
			isa = XCConfigurationList;
			buildConfigurations = (
				8ADA956E1FD9309400C0EF49 /* Debug */,
				8ADA956F1FD9309400C0EF49 /* Release */,
			);
			defaultConfigurationIsVisible = 0;
			defaultConfigurationName = Release;
		};
		8ADA95701FD9309400C0EF49 /* Build configuration list for PBXNativeTarget "EMASDemoUITests" */ = {
			isa = XCConfigurationList;
			buildConfigurations = (
				8ADA95711FD9309400C0EF49 /* Debug */,
				8ADA95721FD9309400C0EF49 /* Release */,
			);
			defaultConfigurationIsVisible = 0;
			defaultConfigurationName = Release;
		};
/* End XCConfigurationList section */
	};
	rootObject = 8ADA95331FD9309400C0EF49 /* Project object */;
}
